
Microsoft Visual Studio Solution File, Format Version 12.00
# Visual Studio Version 16
VisualStudioVersion = 16.0.29326.143
MinimumVisualStudioVersion = 10.0.40219.1
Project("{9A19103F-16F7-4668-BE54-9A1E7A4F7556}") = "BookApi", "BookApi.csproj", "{1CE2A09E-51EC-4FDF-A70F-10BAFEB8C89C}"
EndProject
Project("{9A19103F-16F7-4668-BE54-9A1E7A4F7556}") = "BookClient", "..\BookClient\BookClient.csproj", "{A8040B4E-A933-4485-958F-242BB6FC7985}"
EndProject
Global
	GlobalSection(SolutionConfigurationPlatforms) = preSolution
		Debug|Any CPU = Debug|Any CPU
		Release|Any CPU = Release|Any CPU
	EndGlobalSection
	GlobalSection(ProjectConfigurationPlatforms) = postSolution
		{1CE2A09E-51EC-4FDF-A70F-10BAFEB8C89C}.Debug|Any CPU.ActiveCfg = Debug|Any CPU
		{1CE2A09E-51EC-4FDF-A70F-10BAFEB8C89C}.Debug|Any CPU.Build.0 = Debug|Any CPU
		{1CE2A09E-51EC-4FDF-A70F-10BAFEB8C89C}.Release|Any CPU.ActiveCfg = Release|Any CPU
		{1CE2A09E-51EC-4FDF-A70F-10BAFEB8C89C}.Release|Any CPU.Build.0 = Release|Any CPU
		{A8040B4E-A933-4485-958F-242BB6FC7985}.Debug|Any CPU.ActiveCfg = Debug|Any CPU
		{A8040B4E-A933-4485-958F-242BB6FC7985}.Debug|Any CPU.Build.0 = Debug|Any CPU
		{A8040B4E-A933-4485-958F-242BB6FC7985}.Release|Any CPU.ActiveCfg = Release|Any CPU
		{A8040B4E-A933-4485-958F-242BB6FC7985}.Release|Any CPU.Build.0 = Release|Any CPU
	EndGlobalSection
	GlobalSection(SolutionProperties) = preSolution
		HideSolutionNode = FALSE
	EndGlobalSection
	GlobalSection(ExtensibilityGlobals) = postSolution
		SolutionGuid = {0109BB4A-4FA1-40B4-B9DF-67E97687997E}
	EndGlobalSection
EndGlobal
